
Microsoft Visual Studio Solution File, Format Version 12.00
# Visual Studio 14
VisualStudioVersion = 14.0.23107.0
MinimumVisualStudioVersion = 10.0.40219.1
Project("{FAE04EC0-301F-11D3-BF4B-00C04F79EFBC}") = "F1mpEditor", "F1mpEditor\F1mpEditor.csproj", "{7D04C53D-E0C0-445D-A548-A4393BEA5CB4}"
EndProject
Project("{FAE04EC0-301F-11D3-BF4B-00C04F79EFBC}") = "Data", "Data\Data.csproj", "{2EDBA8BE-4DB5-4AB9-98D9-6927975B656F}"
EndProject
Project("{FAE04EC0-301F-11D3-BF4B-00C04F79EFBC}") = "Common", "..\Common\Common\Common.csproj", "{7595E9E1-D326-472B-AC4A-94E87E37C594}"
EndProject
Global
	GlobalSection(SolutionConfigurationPlatforms) = preSolution
		Debug|Any CPU = Debug|Any CPU
		Release|Any CPU = Release|Any CPU
	EndGlobalSection
	GlobalSection(ProjectConfigurationPlatforms) = postSolution
		{7D04C53D-E0C0-445D-A548-A4393BEA5CB4}.Debug|Any CPU.ActiveCfg = Debug|Any CPU
		{7D04C53D-E0C0-445D-A548-A4393BEA5CB4}.Debug|Any CPU.Build.0 = Debug|Any CPU
		{7D04C53D-E0C0-445D-A548-A4393BEA5CB4}.Release|Any CPU.ActiveCfg = Release|Any CPU
		{7D04C53D-E0C0-445D-A548-A4393BEA5CB4}.Release|Any CPU.Build.0 = Release|Any CPU
		{2EDBA8BE-4DB5-4AB9-98D9-6927975B656F}.Debug|Any CPU.ActiveCfg = Debug|Any CPU
		{2EDBA8BE-4DB5-4AB9-98D9-6927975B656F}.Debug|Any CPU.Build.0 = Debug|Any CPU
		{2EDBA8BE-4DB5-4AB9-98D9-6927975B656F}.Release|Any CPU.ActiveCfg = Release|Any CPU
		{2EDBA8BE-4DB5-4AB9-98D9-6927975B656F}.Release|Any CPU.Build.0 = Release|Any CPU
		{7595E9E1-D326-472B-AC4A-94E87E37C594}.Debug|Any CPU.ActiveCfg = Debug|Any CPU
		{7595E9E1-D326-472B-AC4A-94E87E37C594}.Debug|Any CPU.Build.0 = Debug|Any CPU
		{7595E9E1-D326-472B-AC4A-94E87E37C594}.Release|Any CPU.ActiveCfg = Release|Any CPU
		{7595E9E1-D326-472B-AC4A-94E87E37C594}.Release|Any CPU.Build.0 = Release|Any CPU
	EndGlobalSection
	GlobalSection(SolutionProperties) = preSolution
		HideSolutionNode = FALSE
	EndGlobalSection
EndGlobal
